
Microsoft Visual Studio Solution File, Format Version 12.00
# Visual Studio Version 16
VisualStudioVersion = 16.0.29324.140
MinimumVisualStudioVersion = 10.0.40219.1
Project("{9A19103F-16F7-4668-BE54-9A1E7A4F7556}") = "FaceDetect", "FaceDetect\FaceDetect.csproj", "{58EB2655-C4A4-4EF7-970B-207CEA680100}"
EndProject
Project("{9A19103F-16F7-4668-BE54-9A1E7A4F7556}") = "OpenCvSharp", "OpenCvSharp\OpenCvSharp.csproj", "{FE7897DC-6413-4DCF-B7EF-0A3B428527E4}"
EndProject
Project("{9A19103F-16F7-4668-BE54-9A1E7A4F7556}") = "OpenCvSharp.Blob", "OpenCvSharp.Blob\OpenCvSharp.Blob.csproj", "{B4E195A7-CFE8-456F-85F8-8C9B09C4686E}"
EndProject
Project("{FAE04EC0-301F-11D3-BF4B-00C04F79EFBC}") = "OpenCvSharp.DebuggerVisualizers", "OpenCvSharp.DebuggerVisualizers\OpenCvSharp.DebuggerVisualizers.csproj", "{4232CB4A-DFE3-46CA-9503-C5F1798BAED3}"
EndProject
Project("{9A19103F-16F7-4668-BE54-9A1E7A4F7556}") = "OpenCvSharp.Extensions", "OpenCvSharp.Extensions\OpenCvSharp.Extensions.csproj", "{97BF436F-4DB5-4999-8A1E-351ADD3780B7}"
EndProject
Project("{9A19103F-16F7-4668-BE54-9A1E7A4F7556}") = "OpenCvSharp.UserInterface", "OpenCvSharp.UserInterface\OpenCvSharp.UserInterface.csproj", "{B2A76094-4908-4D49-A900-E2F8520DBE88}"
EndProject
Project("{8BC9CEB8-8B4A-11D0-8D11-00A0C91BC942}") = "OpenCvSharpExtern", "OpenCvSharpExtern\OpenCvSharpExtern.vcxproj", "{8E7279F8-F801-4672-B42F-1ED2C68B16A4}"
EndProject
Project("{8BC9CEB8-8B4A-11D0-8D11-00A0C91BC942}") = "uwpOpenCvSharpExtern", "uwpOpenCvSharpExtern\uwpOpenCvSharpExtern.vcxproj", "{BD5471E5-7B55-5192-8DA4-042B66AF71AE}"
EndProject
Global
	GlobalSection(SolutionConfigurationPlatforms) = preSolution
		Debug|Any CPU = Debug|Any CPU
		Debug|ARM = Debug|ARM
		Debug|x64 = Debug|x64
		Debug|x86 = Debug|x86
		Release|Any CPU = Release|Any CPU
		Release|ARM = Release|ARM
		Release|x64 = Release|x64
		Release|x86 = Release|x86
		Release-JP|Any CPU = Release-JP|Any CPU
		Release-JP|ARM = Release-JP|ARM
		Release-JP|x64 = Release-JP|x64
		Release-JP|x86 = Release-JP|x86
	EndGlobalSection
	GlobalSection(ProjectConfigurationPlatforms) = postSolution
		{58EB2655-C4A4-4EF7-970B-207CEA680100}.Debug|Any CPU.ActiveCfg = Debug|Any CPU
		{58EB2655-C4A4-4EF7-970B-207CEA680100}.Debug|Any CPU.Build.0 = Debug|Any CPU
		{58EB2655-C4A4-4EF7-970B-207CEA680100}.Debug|ARM.ActiveCfg = Debug|Any CPU
		{58EB2655-C4A4-4EF7-970B-207CEA680100}.Debug|ARM.Build.0 = Debug|Any CPU
		{58EB2655-C4A4-4EF7-970B-207CEA680100}.Debug|x64.ActiveCfg = Debug|Any CPU
		{58EB2655-C4A4-4EF7-970B-207CEA680100}.Debug|x64.Build.0 = Debug|Any CPU
		{58EB2655-C4A4-4EF7-970B-207CEA680100}.Debug|x86.ActiveCfg = Debug|Any CPU
		{58EB2655-C4A4-4EF7-970B-207CEA680100}.Debug|x86.Build.0 = Debug|Any CPU
		{58EB2655-C4A4-4EF7-970B-207CEA680100}.Release|Any CPU.ActiveCfg = Release|Any CPU
		{58EB2655-C4A4-4EF7-970B-207CEA680100}.Release|Any CPU.Build.0 = Release|Any CPU
		{58EB2655-C4A4-4EF7-970B-207CEA680100}.Release|ARM.ActiveCfg = Release|Any CPU
		{58EB2655-C4A4-4EF7-970B-207CEA680100}.Release|ARM.Build.0 = Release|Any CPU
		{58EB2655-C4A4-4EF7-970B-207CEA680100}.Release|x64.ActiveCfg = Release|Any CPU
		{58EB2655-C4A4-4EF7-970B-207CEA680100}.Release|x64.Build.0 = Release|Any CPU
		{58EB2655-C4A4-4EF7-970B-207CEA680100}.Release|x86.ActiveCfg = Release|Any CPU
		{58EB2655-C4A4-4EF7-970B-207CEA680100}.Release|x86.Build.0 = Release|Any CPU
		{58EB2655-C4A4-4EF7-970B-207CEA680100}.Release-JP|Any CPU.ActiveCfg = Release|Any CPU
		{58EB2655-C4A4-4EF7-970B-207CEA680100}.Release-JP|Any CPU.Build.0 = Release|Any CPU
		{58EB2655-C4A4-4EF7-970B-207CEA680100}.Release-JP|ARM.ActiveCfg = Release|Any CPU
		{58EB2655-C4A4-4EF7-970B-207CEA680100}.Release-JP|ARM.Build.0 = Release|Any CPU
		{58EB2655-C4A4-4EF7-970B-207CEA680100}.Release-JP|x64.ActiveCfg = Release|Any CPU
		{58EB2655-C4A4-4EF7-970B-207CEA680100}.Release-JP|x64.Build.0 = Release|Any CPU
		{58EB2655-C4A4-4EF7-970B-207CEA680100}.Release-JP|x86.ActiveCfg = Release|Any CPU
		{58EB2655-C4A4-4EF7-970B-207CEA680100}.Release-JP|x86.Build.0 = Release|Any CPU
		{FE7897DC-6413-4DCF-B7EF-0A3B428527E4}.Debug|Any CPU.ActiveCfg = Debug|Any CPU
		{FE7897DC-6413-4DCF-B7EF-0A3B428527E4}.Debug|Any CPU.Build.0 = Debug|Any CPU
		{FE7897DC-6413-4DCF-B7EF-0A3B428527E4}.Debug|ARM.ActiveCfg = Debug|Any CPU
		{FE7897DC-6413-4DCF-B7EF-0A3B428527E4}.Debug|ARM.Build.0 = Debug|Any CPU
		{FE7897DC-6413-4DCF-B7EF-0A3B428527E4}.Debug|x64.ActiveCfg = Debug|Any CPU
		{FE7897DC-6413-4DCF-B7EF-0A3B428527E4}.Debug|x64.Build.0 = Debug|Any CPU
		{FE7897DC-6413-4DCF-B7EF-0A3B428527E4}.Debug|x86.ActiveCfg = Debug|Any CPU
		{FE7897DC-6413-4DCF-B7EF-0A3B428527E4}.Debug|x86.Build.0 = Debug|Any CPU
		{FE7897DC-6413-4DCF-B7EF-0A3B428527E4}.Release|Any CPU.ActiveCfg = Release|Any CPU
		{FE7897DC-6413-4DCF-B7EF-0A3B428527E4}.Release|Any CPU.Build.0 = Release|Any CPU
		{FE7897DC-6413-4DCF-B7EF-0A3B428527E4}.Release|ARM.ActiveCfg = Release|Any CPU
		{FE7897DC-6413-4DCF-B7EF-0A3B428527E4}.Release|ARM.Build.0 = Release|Any CPU
		{FE7897DC-6413-4DCF-B7EF-0A3B428527E4}.Release|x64.ActiveCfg = Release|Any CPU
		{FE7897DC-6413-4DCF-B7EF-0A3B428527E4}.Release|x64.Build.0 = Release|Any CPU
		{FE7897DC-6413-4DCF-B7EF-0A3B428527E4}.Release|x86.ActiveCfg = Release|Any CPU
		{FE7897DC-6413-4DCF-B7EF-0A3B428527E4}.Release|x86.Build.0 = Release|Any CPU
		{FE7897DC-6413-4DCF-B7EF-0A3B428527E4}.Release-JP|Any CPU.ActiveCfg = Release-JP|Any CPU
		{FE7897DC-6413-4DCF-B7EF-0A3B428527E4}.Release-JP|Any CPU.Build.0 = Release-JP|Any CPU
		{FE7897DC-6413-4DCF-B7EF-0A3B428527E4}.Release-JP|ARM.ActiveCfg = Release-JP|Any CPU
		{FE7897DC-6413-4DCF-B7EF-0A3B428527E4}.Release-JP|ARM.Build.0 = Release-JP|Any CPU
		{FE7897DC-6413-4DCF-B7EF-0A3B428527E4}.Release-JP|x64.ActiveCfg = Release-JP|Any CPU
		{FE7897DC-6413-4DCF-B7EF-0A3B428527E4}.Release-JP|x64.Build.0 = Release-JP|Any CPU
		{FE7897DC-6413-4DCF-B7EF-0A3B428527E4}.Release-JP|x86.ActiveCfg = Release-JP|Any CPU
		{FE7897DC-6413-4DCF-B7EF-0A3B428527E4}.Release-JP|x86.Build.0 = Release-JP|Any CPU
		{B4E195A7-CFE8-456F-85F8-8C9B09C4686E}.Debug|Any CPU.ActiveCfg = Debug|Any CPU
		{B4E195A7-CFE8-456F-85F8-8C9B09C4686E}.Debug|Any CPU.Build.0 = Debug|Any CPU
		{B4E195A7-CFE8-456F-85F8-8C9B09C4686E}.Debug|ARM.ActiveCfg = Debug|Any CPU
		{B4E195A7-CFE8-456F-85F8-8C9B09C4686E}.Debug|ARM.Build.0 = Debug|Any CPU
		{B4E195A7-CFE8-456F-85F8-8C9B09C4686E}.Debug|x64.ActiveCfg = Debug|Any CPU
		{B4E195A7-CFE8-456F-85F8-8C9B09C4686E}.Debug|x64.Build.0 = Debug|Any CPU
		{B4E195A7-CFE8-456F-85F8-8C9B09C4686E}.Debug|x86.ActiveCfg = Debug|Any CPU
		{B4E195A7-CFE8-456F-85F8-8C9B09C4686E}.Debug|x86.Build.0 = Debug|Any CPU
		{B4E195A7-CFE8-456F-85F8-8C9B09C4686E}.Release|Any CPU.ActiveCfg = Release|Any CPU
		{B4E195A7-CFE8-456F-85F8-8C9B09C4686E}.Release|Any CPU.Build.0 = Release|Any CPU
		{B4E195A7-CFE8-456F-85F8-8C9B09C4686E}.Release|ARM.ActiveCfg = Release|Any CPU
		{B4E195A7-CFE8-456F-85F8-8C9B09C4686E}.Release|ARM.Build.0 = Release|Any CPU
		{B4E195A7-CFE8-456F-85F8-8C9B09C4686E}.Release|x64.ActiveCfg = Release|Any CPU
		{B4E195A7-CFE8-456F-85F8-8C9B09C4686E}.Release|x64.Build.0 = Release|Any CPU
		{B4E195A7-CFE8-456F-85F8-8C9B09C4686E}.Release|x86.ActiveCfg = Release|Any CPU
		{B4E195A7-CFE8-456F-85F8-8C9B09C4686E}.Release|x86.Build.0 = Release|Any CPU
		{B4E195A7-CFE8-456F-85F8-8C9B09C4686E}.Release-JP|Any CPU.ActiveCfg = Release|Any CPU
		{B4E195A7-CFE8-456F-85F8-8C9B09C4686E}.Release-JP|Any CPU.Build.0 = Release|Any CPU
		{B4E195A7-CFE8-456F-85F8-8C9B09C4686E}.Release-JP|ARM.ActiveCfg = Release|Any CPU
		{B4E195A7-CFE8-456F-85F8-8C9B09C4686E}.Release-JP|ARM.Build.0 = Release|Any CPU
		{B4E195A7-CFE8-456F-85F8-8C9B09C4686E}.Release-JP|x64.ActiveCfg = Release|Any CPU
		{B4E195A7-CFE8-456F-85F8-8C9B09C4686E}.Release-JP|x64.Build.0 = Release|Any CPU
		{B4E195A7-CFE8-456F-85F8-8C9B09C4686E}.Release-JP|x86.ActiveCfg = Release|Any CPU
		{B4E195A7-CFE8-456F-85F8-8C9B09C4686E}.Release-JP|x86.Build.0 = Release|Any CPU
		{4232CB4A-DFE3-46CA-9503-C5F1798BAED3}.Debug|Any CPU.ActiveCfg = Debug|Any CPU
		{4232CB4A-DFE3-46CA-9503-C5F1798BAED3}.Debug|Any CPU.Build.0 = Debug|Any CPU
		{4232CB4A-DFE3-46CA-9503-C5F1798BAED3}.Debug|ARM.ActiveCfg = Debug|Any CPU
		{4232CB4A-DFE3-46CA-9503-C5F1798BAED3}.Debug|ARM.Build.0 = Debug|Any CPU
		{4232CB4A-DFE3-46CA-9503-C5F1798BAED3}.Debug|x64.ActiveCfg = Debug|Any CPU
		{4232CB4A-DFE3-46CA-9503-C5F1798BAED3}.Debug|x64.Build.0 = Debug|Any CPU
		{4232CB4A-DFE3-46CA-9503-C5F1798BAED3}.Debug|x86.ActiveCfg = Debug|Any CPU
		{4232CB4A-DFE3-46CA-9503-C5F1798BAED3}.Debug|x86.Build.0 = Debug|Any CPU
		{4232CB4A-DFE3-46CA-9503-C5F1798BAED3}.Release|Any CPU.ActiveCfg = Release|Any CPU
		{4232CB4A-DFE3-46CA-9503-C5F1798BAED3}.Release|Any CPU.Build.0 = Release|Any CPU
		{4232CB4A-DFE3-46CA-9503-C5F1798BAED3}.Release|ARM.ActiveCfg = Release|Any CPU
		{4232CB4A-DFE3-46CA-9503-C5F1798BAED3}.Release|ARM.Build.0 = Release|Any CPU
		{4232CB4A-DFE3-46CA-9503-C5F1798BAED3}.Release|x64.ActiveCfg = Release|Any CPU
		{4232CB4A-DFE3-46CA-9503-C5F1798BAED3}.Release|x64.Build.0 = Release|Any CPU
		{4232CB4A-DFE3-46CA-9503-C5F1798BAED3}.Release|x86.ActiveCfg = Release|Any CPU
		{4232CB4A-DFE3-46CA-9503-C5F1798BAED3}.Release|x86.Build.0 = Release|Any CPU
		{4232CB4A-DFE3-46CA-9503-C5F1798BAED3}.Release-JP|Any CPU.ActiveCfg = Release|Any CPU
		{4232CB4A-DFE3-46CA-9503-C5F1798BAED3}.Release-JP|Any CPU.Build.0 = Release|Any CPU
		{4232CB4A-DFE3-46CA-9503-C5F1798BAED3}.Release-JP|ARM.ActiveCfg = Release|Any CPU
		{4232CB4A-DFE3-46CA-9503-C5F1798BAED3}.Release-JP|ARM.Build.0 = Release|Any CPU
		{4232CB4A-DFE3-46CA-9503-C5F1798BAED3}.Release-JP|x64.ActiveCfg = Release|Any CPU
		{4232CB4A-DFE3-46CA-9503-C5F1798BAED3}.Release-JP|x64.Build.0 = Release|Any CPU
		{4232CB4A-DFE3-46CA-9503-C5F1798BAED3}.Release-JP|x86.ActiveCfg = Release|Any CPU
		{4232CB4A-DFE3-46CA-9503-C5F1798BAED3}.Release-JP|x86.Build.0 = Release|Any CPU
		{97BF436F-4DB5-4999-8A1E-351ADD3780B7}.Debug|Any CPU.ActiveCfg = Debug|Any CPU
		{97BF436F-4DB5-4999-8A1E-351ADD3780B7}.Debug|Any CPU.Build.0 = Debug|Any CPU
		{97BF436F-4DB5-4999-8A1E-351ADD3780B7}.Debug|ARM.ActiveCfg = Debug|Any CPU
		{97BF436F-4DB5-4999-8A1E-351ADD3780B7}.Debug|ARM.Build.0 = Debug|Any CPU
		{97BF436F-4DB5-4999-8A1E-351ADD3780B7}.Debug|x64.ActiveCfg = Debug|Any CPU
		{97BF436F-4DB5-4999-8A1E-351ADD3780B7}.Debug|x64.Build.0 = Debug|Any CPU
		{97BF436F-4DB5-4999-8A1E-351ADD3780B7}.Debug|x86.ActiveCfg = Debug|Any CPU
		{97BF436F-4DB5-4999-8A1E-351ADD3780B7}.Debug|x86.Build.0 = Debug|Any CPU
		{97BF436F-4DB5-4999-8A1E-351ADD3780B7}.Release|Any CPU.ActiveCfg = Release|Any CPU
		{97BF436F-4DB5-4999-8A1E-351ADD3780B7}.Release|Any CPU.Build.0 = Release|Any CPU
		{97BF436F-4DB5-4999-8A1E-351ADD3780B7}.Release|ARM.ActiveCfg = Release|Any CPU
		{97BF436F-4DB5-4999-8A1E-351ADD3780B7}.Release|ARM.Build.0 = Release|Any CPU
		{97BF436F-4DB5-4999-8A1E-351ADD3780B7}.Release|x64.ActiveCfg = Release|Any CPU
		{97BF436F-4DB5-4999-8A1E-351ADD3780B7}.Release|x64.Build.0 = Release|Any CPU
		{97BF436F-4DB5-4999-8A1E-351ADD3780B7}.Release|x86.ActiveCfg = Release|Any CPU
		{97BF436F-4DB5-4999-8A1E-351ADD3780B7}.Release|x86.Build.0 = Release|Any CPU
		{97BF436F-4DB5-4999-8A1E-351ADD3780B7}.Release-JP|Any CPU.ActiveCfg = Release|Any CPU
		{97BF436F-4DB5-4999-8A1E-351ADD3780B7}.Release-JP|Any CPU.Build.0 = Release|Any CPU
		{97BF436F-4DB5-4999-8A1E-351ADD3780B7}.Release-JP|ARM.ActiveCfg = Release|Any CPU
		{97BF436F-4DB5-4999-8A1E-351ADD3780B7}.Release-JP|ARM.Build.0 = Release|Any CPU
		{97BF436F-4DB5-4999-8A1E-351ADD3780B7}.Release-JP|x64.ActiveCfg = Release|Any CPU
		{97BF436F-4DB5-4999-8A1E-351ADD3780B7}.Release-JP|x64.Build.0 = Release|Any CPU
		{97BF436F-4DB5-4999-8A1E-351ADD3780B7}.Release-JP|x86.ActiveCfg = Release|Any CPU
		{97BF436F-4DB5-4999-8A1E-351ADD3780B7}.Release-JP|x86.Build.0 = Release|Any CPU
		{B2A76094-4908-4D49-A900-E2F8520DBE88}.Debug|Any CPU.ActiveCfg = Debug|Any CPU
		{B2A76094-4908-4D49-A900-E2F8520DBE88}.Debug|Any CPU.Build.0 = Debug|Any CPU
		{B2A76094-4908-4D49-A900-E2F8520DBE88}.Debug|ARM.ActiveCfg = Debug|Any CPU
		{B2A76094-4908-4D49-A900-E2F8520DBE88}.Debug|ARM.Build.0 = Debug|Any CPU
		{B2A76094-4908-4D49-A900-E2F8520DBE88}.Debug|x64.ActiveCfg = Debug|Any CPU
		{B2A76094-4908-4D49-A900-E2F8520DBE88}.Debug|x64.Build.0 = Debug|Any CPU
		{B2A76094-4908-4D49-A900-E2F8520DBE88}.Debug|x86.ActiveCfg = Debug|Any CPU
		{B2A76094-4908-4D49-A900-E2F8520DBE88}.Debug|x86.Build.0 = Debug|Any CPU
		{B2A76094-4908-4D49-A900-E2F8520DBE88}.Release|Any CPU.ActiveCfg = Release|Any CPU
		{B2A76094-4908-4D49-A900-E2F8520DBE88}.Release|Any CPU.Build.0 = Release|Any CPU
		{B2A76094-4908-4D49-A900-E2F8520DBE88}.Release|ARM.ActiveCfg = Release|Any CPU
		{B2A76094-4908-4D49-A900-E2F8520DBE88}.Release|ARM.Build.0 = Release|Any CPU
		{B2A76094-4908-4D49-A900-E2F8520DBE88}.Release|x64.ActiveCfg = Release|Any CPU
		{B2A76094-4908-4D49-A900-E2F8520DBE88}.Release|x64.Build.0 = Release|Any CPU
		{B2A76094-4908-4D49-A900-E2F8520DBE88}.Release|x86.ActiveCfg = Release|Any CPU
		{B2A76094-4908-4D49-A900-E2F8520DBE88}.Release|x86.Build.0 = Release|Any CPU
		{B2A76094-4908-4D49-A900-E2F8520DBE88}.Release-JP|Any CPU.ActiveCfg = Release|Any CPU
		{B2A76094-4908-4D49-A900-E2F8520DBE88}.Release-JP|Any CPU.Build.0 = Release|Any CPU
		{B2A76094-4908-4D49-A900-E2F8520DBE88}.Release-JP|ARM.ActiveCfg = Release|Any CPU
		{B2A76094-4908-4D49-A900-E2F8520DBE88}.Release-JP|ARM.Build.0 = Release|Any CPU
		{B2A76094-4908-4D49-A900-E2F8520DBE88}.Release-JP|x64.ActiveCfg = Release|Any CPU
		{B2A76094-4908-4D49-A900-E2F8520DBE88}.Release-JP|x64.Build.0 = Release|Any CPU
		{B2A76094-4908-4D49-A900-E2F8520DBE88}.Release-JP|x86.ActiveCfg = Release|Any CPU
		{B2A76094-4908-4D49-A900-E2F8520DBE88}.Release-JP|x86.Build.0 = Release|Any CPU
		{8E7279F8-F801-4672-B42F-1ED2C68B16A4}.Debug|Any CPU.ActiveCfg = Debug|Win32
		{8E7279F8-F801-4672-B42F-1ED2C68B16A4}.Debug|ARM.ActiveCfg = Debug|Win32
		{8E7279F8-F801-4672-B42F-1ED2C68B16A4}.Debug|x64.ActiveCfg = Debug|x64
		{8E7279F8-F801-4672-B42F-1ED2C68B16A4}.Debug|x64.Build.0 = Debug|x64
		{8E7279F8-F801-4672-B42F-1ED2C68B16A4}.Debug|x86.ActiveCfg = Debug|Win32
		{8E7279F8-F801-4672-B42F-1ED2C68B16A4}.Debug|x86.Build.0 = Debug|Win32
		{8E7279F8-F801-4672-B42F-1ED2C68B16A4}.Release|Any CPU.ActiveCfg = Release|Win32
		{8E7279F8-F801-4672-B42F-1ED2C68B16A4}.Release|ARM.ActiveCfg = Release|Win32
		{8E7279F8-F801-4672-B42F-1ED2C68B16A4}.Release|x64.ActiveCfg = Release|x64
		{8E7279F8-F801-4672-B42F-1ED2C68B16A4}.Release|x64.Build.0 = Release|x64
		{8E7279F8-F801-4672-B42F-1ED2C68B16A4}.Release|x86.ActiveCfg = Release|Win32
		{8E7279F8-F801-4672-B42F-1ED2C68B16A4}.Release|x86.Build.0 = Release|Win32
		{8E7279F8-F801-4672-B42F-1ED2C68B16A4}.Release-JP|Any CPU.ActiveCfg = Release|x64
		{8E7279F8-F801-4672-B42F-1ED2C68B16A4}.Release-JP|Any CPU.Build.0 = Release|x64
		{8E7279F8-F801-4672-B42F-1ED2C68B16A4}.Release-JP|ARM.ActiveCfg = Release|x64
		{8E7279F8-F801-4672-B42F-1ED2C68B16A4}.Release-JP|ARM.Build.0 = Release|x64
		{8E7279F8-F801-4672-B42F-1ED2C68B16A4}.Release-JP|x64.ActiveCfg = Release|x64
		{8E7279F8-F801-4672-B42F-1ED2C68B16A4}.Release-JP|x64.Build.0 = Release|x64
		{8E7279F8-F801-4672-B42F-1ED2C68B16A4}.Release-JP|x86.ActiveCfg = Release|Win32
		{8E7279F8-F801-4672-B42F-1ED2C68B16A4}.Release-JP|x86.Build.0 = Release|Win32
		{BD5471E5-7B55-5192-8DA4-042B66AF71AE}.Debug|Any CPU.ActiveCfg = Debug|Win32
		{BD5471E5-7B55-5192-8DA4-042B66AF71AE}.Debug|ARM.ActiveCfg = Debug|ARM
		{BD5471E5-7B55-5192-8DA4-042B66AF71AE}.Debug|ARM.Build.0 = Debug|ARM
		{BD5471E5-7B55-5192-8DA4-042B66AF71AE}.Debug|x64.ActiveCfg = Debug|x64
		{BD5471E5-7B55-5192-8DA4-042B66AF71AE}.Debug|x64.Build.0 = Debug|x64
		{BD5471E5-7B55-5192-8DA4-042B66AF71AE}.Debug|x86.ActiveCfg = Debug|Win32
		{BD5471E5-7B55-5192-8DA4-042B66AF71AE}.Debug|x86.Build.0 = Debug|Win32
		{BD5471E5-7B55-5192-8DA4-042B66AF71AE}.Release|Any CPU.ActiveCfg = Release|Win32
		{BD5471E5-7B55-5192-8DA4-042B66AF71AE}.Release|ARM.ActiveCfg = Release|ARM
		{BD5471E5-7B55-5192-8DA4-042B66AF71AE}.Release|ARM.Build.0 = Release|ARM
		{BD5471E5-7B55-5192-8DA4-042B66AF71AE}.Release|x64.ActiveCfg = Release|x64
		{BD5471E5-7B55-5192-8DA4-042B66AF71AE}.Release|x64.Build.0 = Release|x64
		{BD5471E5-7B55-5192-8DA4-042B66AF71AE}.Release|x86.ActiveCfg = Release|Win32
		{BD5471E5-7B55-5192-8DA4-042B66AF71AE}.Release|x86.Build.0 = Release|Win32
		{BD5471E5-7B55-5192-8DA4-042B66AF71AE}.Release-JP|Any CPU.ActiveCfg = Release|x64
		{BD5471E5-7B55-5192-8DA4-042B66AF71AE}.Release-JP|Any CPU.Build.0 = Release|x64
		{BD5471E5-7B55-5192-8DA4-042B66AF71AE}.Release-JP|ARM.ActiveCfg = Release|ARM
		{BD5471E5-7B55-5192-8DA4-042B66AF71AE}.Release-JP|ARM.Build.0 = Release|ARM
		{BD5471E5-7B55-5192-8DA4-042B66AF71AE}.Release-JP|x64.ActiveCfg = Release|x64
		{BD5471E5-7B55-5192-8DA4-042B66AF71AE}.Release-JP|x64.Build.0 = Release|x64
		{BD5471E5-7B55-5192-8DA4-042B66AF71AE}.Release-JP|x86.ActiveCfg = Release|Win32
		{BD5471E5-7B55-5192-8DA4-042B66AF71AE}.Release-JP|x86.Build.0 = Release|Win32
	EndGlobalSection
	GlobalSection(SolutionProperties) = preSolution
		HideSolutionNode = FALSE
	EndGlobalSection
	GlobalSection(ExtensibilityGlobals) = postSolution
		SolutionGuid = {2343AF1D-3680-4D69-A8E1-F2B1EB9F4189}
	EndGlobalSection
EndGlobal
